
Microsoft Visual Studio Solution File, Format Version 12.00
Project("{FAE04EC0-301F-11D3-BF4B-00C04F79EFBC}") = "Quiz.Common.Broker", "Quiz.Common.Broker\Quiz.Common.Broker.csproj", "{4D761F1B-9A58-43EC-A326-7BE33920019C}"
EndProject
Project("{FAE04EC0-301F-11D3-BF4B-00C04F79EFBC}") = "Quiz.Slave", "Quiz.Slave\Quiz.Slave.csproj", "{82561032-6862-46C2-850F-B78D20DD53B9}"
EndProject
Project("{FAE04EC0-301F-11D3-BF4B-00C04F79EFBC}") = "Quiz.Common.Messages", "Quiz.Common.Messages\Quiz.Common.Messages.csproj", "{9AB4976A-B5DA-4784-B366-78A00A371EE3}"
EndProject
Global
	GlobalSection(SolutionConfigurationPlatforms) = preSolution
		Debug|Any CPU = Debug|Any CPU
		Release|Any CPU = Release|Any CPU
	EndGlobalSection
	GlobalSection(ProjectConfigurationPlatforms) = postSolution
		{4D761F1B-9A58-43EC-A326-7BE33920019C}.Debug|Any CPU.ActiveCfg = Debug|Any CPU
		{4D761F1B-9A58-43EC-A326-7BE33920019C}.Debug|Any CPU.Build.0 = Debug|Any CPU
		{4D761F1B-9A58-43EC-A326-7BE33920019C}.Release|Any CPU.ActiveCfg = Release|Any CPU
		{4D761F1B-9A58-43EC-A326-7BE33920019C}.Release|Any CPU.Build.0 = Release|Any CPU
		{82561032-6862-46C2-850F-B78D20DD53B9}.Debug|Any CPU.ActiveCfg = Debug|Any CPU
		{82561032-6862-46C2-850F-B78D20DD53B9}.Debug|Any CPU.Build.0 = Debug|Any CPU
		{82561032-6862-46C2-850F-B78D20DD53B9}.Release|Any CPU.ActiveCfg = Release|Any CPU
		{82561032-6862-46C2-850F-B78D20DD53B9}.Release|Any CPU.Build.0 = Release|Any CPU
		{9AB4976A-B5DA-4784-B366-78A00A371EE3}.Debug|Any CPU.ActiveCfg = Debug|Any CPU
		{9AB4976A-B5DA-4784-B366-78A00A371EE3}.Debug|Any CPU.Build.0 = Debug|Any CPU
		{9AB4976A-B5DA-4784-B366-78A00A371EE3}.Release|Any CPU.ActiveCfg = Release|Any CPU
		{9AB4976A-B5DA-4784-B366-78A00A371EE3}.Release|Any CPU.Build.0 = Release|Any CPU
	EndGlobalSection
EndGlobal
