
Microsoft Visual Studio Solution File, Format Version 12.00
Project("{FAE04EC0-301F-11D3-BF4B-00C04F79EFBC}") = "Quiz.Common.Broker", "Quiz.Common.Broker\Quiz.Common.Broker.csproj", "{4D761F1B-9A58-43EC-A326-7BE33920019C}"
EndProject
Project("{FAE04EC0-301F-11D3-BF4B-00C04F79EFBC}") = "Quiz.Slave", "Quiz.Slave\Quiz.Slave.csproj", "{82561032-6862-46C2-850F-B78D20DD53B9}"
EndProject
Project("{FAE04EC0-301F-11D3-BF4B-00C04F79EFBC}") = "Quiz.Common.Messages", "Quiz.Common.Messages\Quiz.Common.Messages.csproj", "{9AB4976A-B5DA-4784-B366-78A00A371EE3}"
EndProject
Project("{FAE04EC0-301F-11D3-BF4B-00C04F79EFBC}") = "Quiz.Common", "Quiz.Common\Quiz.Common.csproj", "{6485AE53-359D-472A-9846-DC598F2E2837}"
EndProject
Project("{FAE04EC0-301F-11D3-BF4B-00C04F79EFBC}") = "Quiz.Master", "Quiz.Master\Quiz.Master.csproj", "{D4334FC7-DA10-403E-8DCB-626F9F3D22E2}"
EndProject
Project("{FAE04EC0-301F-11D3-BF4B-00C04F79EFBC}") = "Quiz.Lights", "Quiz.Lights\Quiz.Lights.csproj", "{2AD6D8D5-1642-4D91-A69D-ED654713D9DD}"
EndProject
Project("{FAE04EC0-301F-11D3-BF4B-00C04F79EFBC}") = "Quiz.Master.MiniGames", "Quiz.Master.MiniGames\Quiz.Master.MiniGames.csproj", "{EA1AE7C7-2C1B-4536-98C9-320099F4117F}"
EndProject
Project("{FAE04EC0-301F-11D3-BF4B-00C04F79EFBC}") = "Quiz.Master.Core", "Quiz.Master.Core\Quiz.Master.Core.csproj", "{11F20C0A-2A26-4508-81C6-9EF8B6247F15}"
EndProject
Project("{FAE04EC0-301F-11D3-BF4B-00C04F79EFBC}") = "Quiz.Storage", "Quiz.Storage\Quiz.Storage.csproj", "{A9355D28-9A3E-4E14-8665-F7BE72B60D9B}"
EndProject
Project("{FAE04EC0-301F-11D3-BF4B-00C04F79EFBC}") = "Quiz.Master.MiniGames.Tests", "Quiz.Master.MiniGames.Tests\Quiz.Master.MiniGames.Tests.csproj", "{AC0E543D-29F6-428B-A6A8-AB68F04B0F1D}"
EndProject
Global
	GlobalSection(SolutionConfigurationPlatforms) = preSolution
		Debug|Any CPU = Debug|Any CPU
		Release|Any CPU = Release|Any CPU
	EndGlobalSection
	GlobalSection(ProjectConfigurationPlatforms) = postSolution
		{4D761F1B-9A58-43EC-A326-7BE33920019C}.Debug|Any CPU.ActiveCfg = Debug|Any CPU
		{4D761F1B-9A58-43EC-A326-7BE33920019C}.Debug|Any CPU.Build.0 = Debug|Any CPU
		{4D761F1B-9A58-43EC-A326-7BE33920019C}.Release|Any CPU.ActiveCfg = Release|Any CPU
		{4D761F1B-9A58-43EC-A326-7BE33920019C}.Release|Any CPU.Build.0 = Release|Any CPU
		{82561032-6862-46C2-850F-B78D20DD53B9}.Debug|Any CPU.ActiveCfg = Debug|Any CPU
		{82561032-6862-46C2-850F-B78D20DD53B9}.Debug|Any CPU.Build.0 = Debug|Any CPU
		{82561032-6862-46C2-850F-B78D20DD53B9}.Release|Any CPU.ActiveCfg = Release|Any CPU
		{82561032-6862-46C2-850F-B78D20DD53B9}.Release|Any CPU.Build.0 = Release|Any CPU
		{9AB4976A-B5DA-4784-B366-78A00A371EE3}.Debug|Any CPU.ActiveCfg = Debug|Any CPU
		{9AB4976A-B5DA-4784-B366-78A00A371EE3}.Debug|Any CPU.Build.0 = Debug|Any CPU
		{9AB4976A-B5DA-4784-B366-78A00A371EE3}.Release|Any CPU.ActiveCfg = Release|Any CPU
		{9AB4976A-B5DA-4784-B366-78A00A371EE3}.Release|Any CPU.Build.0 = Release|Any CPU
		{6485AE53-359D-472A-9846-DC598F2E2837}.Debug|Any CPU.ActiveCfg = Debug|Any CPU
		{6485AE53-359D-472A-9846-DC598F2E2837}.Debug|Any CPU.Build.0 = Debug|Any CPU
		{6485AE53-359D-472A-9846-DC598F2E2837}.Release|Any CPU.ActiveCfg = Release|Any CPU
		{6485AE53-359D-472A-9846-DC598F2E2837}.Release|Any CPU.Build.0 = Release|Any CPU
		{D4334FC7-DA10-403E-8DCB-626F9F3D22E2}.Debug|Any CPU.ActiveCfg = Debug|Any CPU
		{D4334FC7-DA10-403E-8DCB-626F9F3D22E2}.Debug|Any CPU.Build.0 = Debug|Any CPU
		{D4334FC7-DA10-403E-8DCB-626F9F3D22E2}.Release|Any CPU.ActiveCfg = Release|Any CPU
		{D4334FC7-DA10-403E-8DCB-626F9F3D22E2}.Release|Any CPU.Build.0 = Release|Any CPU
		{2AD6D8D5-1642-4D91-A69D-ED654713D9DD}.Debug|Any CPU.ActiveCfg = Debug|Any CPU
		{2AD6D8D5-1642-4D91-A69D-ED654713D9DD}.Debug|Any CPU.Build.0 = Debug|Any CPU
		{2AD6D8D5-1642-4D91-A69D-ED654713D9DD}.Release|Any CPU.ActiveCfg = Release|Any CPU
		{2AD6D8D5-1642-4D91-A69D-ED654713D9DD}.Release|Any CPU.Build.0 = Release|Any CPU
		{EA1AE7C7-2C1B-4536-98C9-320099F4117F}.Debug|Any CPU.ActiveCfg = Debug|Any CPU
		{EA1AE7C7-2C1B-4536-98C9-320099F4117F}.Debug|Any CPU.Build.0 = Debug|Any CPU
		{EA1AE7C7-2C1B-4536-98C9-320099F4117F}.Release|Any CPU.ActiveCfg = Release|Any CPU
		{EA1AE7C7-2C1B-4536-98C9-320099F4117F}.Release|Any CPU.Build.0 = Release|Any CPU
		{11F20C0A-2A26-4508-81C6-9EF8B6247F15}.Debug|Any CPU.ActiveCfg = Debug|Any CPU
		{11F20C0A-2A26-4508-81C6-9EF8B6247F15}.Debug|Any CPU.Build.0 = Debug|Any CPU
		{11F20C0A-2A26-4508-81C6-9EF8B6247F15}.Release|Any CPU.ActiveCfg = Release|Any CPU
		{11F20C0A-2A26-4508-81C6-9EF8B6247F15}.Release|Any CPU.Build.0 = Release|Any CPU
		{A9355D28-9A3E-4E14-8665-F7BE72B60D9B}.Debug|Any CPU.ActiveCfg = Debug|Any CPU
		{A9355D28-9A3E-4E14-8665-F7BE72B60D9B}.Debug|Any CPU.Build.0 = Debug|Any CPU
		{A9355D28-9A3E-4E14-8665-F7BE72B60D9B}.Release|Any CPU.ActiveCfg = Release|Any CPU
		{A9355D28-9A3E-4E14-8665-F7BE72B60D9B}.Release|Any CPU.Build.0 = Release|Any CPU
		{AC0E543D-29F6-428B-A6A8-AB68F04B0F1D}.Debug|Any CPU.ActiveCfg = Debug|Any CPU
		{AC0E543D-29F6-428B-A6A8-AB68F04B0F1D}.Debug|Any CPU.Build.0 = Debug|Any CPU
		{AC0E543D-29F6-428B-A6A8-AB68F04B0F1D}.Release|Any CPU.ActiveCfg = Release|Any CPU
		{AC0E543D-29F6-428B-A6A8-AB68F04B0F1D}.Release|Any CPU.Build.0 = Release|Any CPU
	EndGlobalSection
EndGlobal
